version = 1
revision = 2
requires-python = ">=3.13"

[[package]]
name = "aioconsole"
version = "0.8.2"
source = { registry = "https://pypi.org/simple" }
sdist = { url = "https://files.pythonhosted.org/packages/76/4a/71f535c85991e18e1626429a283d4fc6720053f38211affa888809089ded/aioconsole-0.8.2.tar.gz", hash = "sha256:25cb5530f58f7ab431e9af84fbb5417178287b6c3300d5b1185e3b129a227cef", size = 37712, upload-time = "2025-10-14T05:44:33.245Z" }
wheels = [
    { url = "https://files.pythonhosted.org/packages/03/10/04ef3313a07e9152a84ce197aa11586376478c167322141e9c79eaedc25b/aioconsole-0.8.2-py3-none-any.whl", hash = "sha256:00f3fabd6de5df2fad635e1e6a13ebe5bb2456b83b31e881ae41bc5862fd6a68", size = 31510, upload-time = "2025-10-14T05:44:32.161Z" },
]

[[package]]
name = "drone-hello-world"
version = "0.1.0"
source = { virtual = "." }
dependencies = [
    { name = "aioconsole" },
    { name = "mavsdk" },
]

[package.metadata]
requires-dist = [
    { name = "aioconsole", specifier = ">=0.8.2" },
    { name = "mavsdk", specifier = ">=3.15.3" },
]

[[package]]
name = "grpcio"
version = "1.78.0"
source = { registry = "https://pypi.org/simple" }
dependencies = [
    { name = "typing-extensions" },
]
sdist = { url = "https://files.pythonhosted.org/packages/06/8a/3d098f35c143a89520e568e6539cc098fcd294495910e359889ce8741c84/grpcio-1.78.0.tar.gz", hash = "sha256:7382b95189546f375c174f53a5fa873cef91c4b8005faa05cc5b3beea9c4f1c5", size = 12852416, upload-time = "2026-02-06T09:57:18.093Z" }
wheels = [
    { url = "https://files.pythonhosted.org/packages/05/a9/8f75894993895f361ed8636cd9237f4ab39ef87fd30db17467235ed1c045/grpcio-1.78.0-cp313-cp313-linux_armv7l.whl", hash = "sha256:ce3a90455492bf8bfa38e56fbbe1dbd4f872a3d8eeaf7337dc3b1c8aa28c271b", size = 5920143, upload-time = "2026-02-06T09:55:52.035Z" },
    { url = "https://files.pythonhosted.org/packages/55/06/0b78408e938ac424100100fd081189451b472236e8a3a1f6500390dc4954/grpcio-1.78.0-cp313-cp313-macosx_11_0_universal2.whl", hash = "sha256:2bf5e2e163b356978b23652c4818ce4759d40f4712ee9ec5a83c4be6f8c23a3a", size = 11803926, upload-time = "2026-02-06T09:55:55.494Z" },
    { url = "https://files.pythonhosted.org/packages/88/93/b59fe7832ff6ae3c78b813ea43dac60e295fa03606d14d89d2e0ec29f4f3/grpcio-1.78.0-cp313-cp313-manylinux2014_aarch64.manylinux_2_17_aarch64.whl", hash = "sha256:8f2ac84905d12918e4e55a16da17939eb63e433dc11b677267c35568aa63fc84", size = 6478628, upload-time = "2026-02-06T09:55:58.533Z" },
    { url = "https://files.pythonhosted.org/packages/ed/df/e67e3734527f9926b7d9c0dde6cd998d1d26850c3ed8eeec81297967ac67/grpcio-1.78.0-cp313-cp313-manylinux2014_i686.manylinux_2_17_i686.whl", hash = "sha256:b58f37edab4a3881bc6c9bca52670610e0c9ca14e2ea3cf9debf185b870457fb", size = 7173574, upload-time = "2026-02-06T09:56:01.786Z" },
    { url = "https://files.pythonhosted.org/packages/a6/62/cc03fffb07bfba982a9ec097b164e8835546980aec25ecfa5f9c1a47e022/grpcio-1.78.0-cp313-cp313-manylinux2014_x86_64.manylinux_2_17_x86_64.whl", hash = "sha256:735e38e176a88ce41840c21bb49098ab66177c64c82426e24e0082500cc68af5", size = 6692639, upload-time = "2026-02-06T09:56:04.529Z" },
    { url = "https://files.pythonhosted.org/packages/bf/9a/289c32e301b85bdb67d7ec68b752155e674ee3ba2173a1858f118e399ef3/grpcio-1.78.0-cp313-cp313-musllinux_1_2_aarch64.whl", hash = "sha256:2045397e63a7a0ee7957c25f7dbb36ddc110e0cfb418403d110c0a7a68a844e9", size = 7268838, upload-time = "2026-02-06T09:56:08.397Z" },
    { url = "https://files.pythonhosted.org/packages/0e/79/1be93f32add280461fa4773880196572563e9c8510861ac2da0ea0f892b6/grpcio-1.78.0-cp313-cp313-musllinux_1_2_i686.whl", hash = "sha256:a9f136fbafe7ccf4ac7e8e0c28b31066e810be52d6e344ef954a3a70234e1702", size = 8251878, upload-time = "2026-02-06T09:56:10.914Z" },
    { url = "https://files.pythonhosted.org/packages/65/65/793f8e95296ab92e4164593674ae6291b204bb5f67f9d4a711489cd30ffa/grpcio-1.78.0-cp313-cp313-musllinux_1_2_x86_64.whl", hash = "sha256:748b6138585379c737adc08aeffd21222abbda1a86a0dca2a39682feb9196c20", size = 7695412, upload-time = "2026-02-06T09:56:13.593Z" },
    { url = "https://files.pythonhosted.org/packages/1c/9f/1e233fe697ecc82845942c2822ed06bb522e70d6771c28d5528e4c50f6a4/grpcio-1.78.0-cp313-cp313-win32.whl", hash = "sha256:271c73e6e5676afe4fc52907686670c7cea22ab2310b76a59b678403ed40d670", size = 4064899, upload-time = "2026-02-06T09:56:15.601Z" },
    { url = "https://files.pythonhosted.org/packages/4d/27/d86b89e36de8a951501fb06a0f38df19853210f341d0b28f83f4aa0ffa08/grpcio-1.78.0-cp313-cp313-win_amd64.whl", hash = "sha256:f2d4e43ee362adfc05994ed479334d5a451ab7bc3f3fee1b796b8ca66895acb4", size = 4797393, upload-time = "2026-02-06T09:56:17.882Z" },
    { url = "https://files.pythonhosted.org/packages/29/f2/b56e43e3c968bfe822fa6ce5bca10d5c723aa40875b48791ce1029bb78c7/grpcio-1.78.0-cp314-cp314-linux_armv7l.whl", hash = "sha256:e87cbc002b6f440482b3519e36e1313eb5443e9e9e73d6a52d43bd2004fcfd8e", size = 5920591, upload-time = "2026-02-06T09:56:20.758Z" },
    { url = "https://files.pythonhosted.org/packages/5d/81/1f3b65bd30c334167bfa8b0d23300a44e2725ce39bba5b76a2460d85f745/grpcio-1.78.0-cp314-cp314-macosx_11_0_universal2.whl", hash = "sha256:c41bc64626db62e72afec66b0c8a0da76491510015417c127bfc53b2fe6d7f7f", size = 11813685, upload-time = "2026-02-06T09:56:24.315Z" },
    { url = "https://files.pythonhosted.org/packages/0e/1c/bbe2f8216a5bd3036119c544d63c2e592bdf4a8ec6e4a1867592f4586b26/grpcio-1.78.0-cp314-cp314-manylinux2014_aarch64.manylinux_2_17_aarch64.whl", hash = "sha256:8dfffba826efcf366b1e3ccc37e67afe676f290e13a3b48d31a46739f80a8724", size = 6487803, upload-time = "2026-02-06T09:56:27.367Z" },
    { url = "https://files.pythonhosted.org/packages/16/5c/a6b2419723ea7ddce6308259a55e8e7593d88464ce8db9f4aa857aba96fa/grpcio-1.78.0-cp314-cp314-manylinux2014_i686.manylinux_2_17_i686.whl", hash = "sha256:74be1268d1439eaaf552c698cdb11cd594f0c49295ae6bb72c34ee31abbe611b", size = 7173206, upload-time = "2026-02-06T09:56:29.876Z" },
    { url = "https://files.pythonhosted.org/packages/df/1e/b8801345629a415ea7e26c83d75eb5dbe91b07ffe5210cc517348a8d4218/grpcio-1.78.0-cp314-cp314-manylinux2014_x86_64.manylinux_2_17_x86_64.whl", hash = "sha256:be63c88b32e6c0f1429f1398ca5c09bc64b0d80950c8bb7807d7d7fb36fb84c7", size = 6693826, upload-time = "2026-02-06T09:56:32.305Z" },
    { url = "https://files.pythonhosted.org/packages/34/84/0de28eac0377742679a510784f049738a80424b17287739fc47d63c2439e/grpcio-1.78.0-cp314-cp314-musllinux_1_2_aarch64.whl", hash = "sha256:3c586ac70e855c721bda8f548d38c3ca66ac791dc49b66a8281a1f99db85e452", size = 7277897, upload-time = "2026-02-06T09:56:34.915Z" },
    { url = "https://files.pythonhosted.org/packages/ca/9c/ad8685cfe20559a9edb66f735afdcb2b7d3de69b13666fdfc542e1916ebd/grpcio-1.78.0-cp314-cp314-musllinux_1_2_i686.whl", hash = "sha256:35eb275bf1751d2ffbd8f57cdbc46058e857cf3971041521b78b7db94bdaf127", size = 8252404, upload-time = "2026-02-06T09:56:37.553Z" },
    { url = "https://files.pythonhosted.org/packages/3c/05/33a7a4985586f27e1de4803887c417ec7ced145ebd069bc38a9607059e2b/grpcio-1.78.0-cp314-cp314-musllinux_1_2_x86_64.whl", hash = "sha256:207db540302c884b8848036b80db352a832b99dfdf41db1eb554c2c2c7800f65", size = 7696837, upload-time = "2026-02-06T09:56:40.173Z" },
    { url = "https://files.pythonhosted.org/packages/73/77/7382241caf88729b106e49e7d18e3116216c778e6a7e833826eb96de22f7/grpcio-1.78.0-cp314-cp314-win32.whl", hash = "sha256:57bab6deef2f4f1ca76cc04565df38dc5713ae6c17de690721bdf30cb1e0545c", size = 4142439, upload-time = "2026-02-06T09:56:43.258Z" },
    { url = "https://files.pythonhosted.org/packages/48/b2/b096ccce418882fbfda4f7496f9357aaa9a5af1896a9a7f60d9f2b275a06/grpcio-1.78.0-cp314-cp314-win_amd64.whl", hash = "sha256:dce09d6116df20a96acfdbf85e4866258c3758180e8c49845d6ba8248b6d0bbb", size = 4929852, upload-time = "2026-02-06T09:56:45.885Z" },
]

[[package]]
name = "mavsdk"
version = "3.15.3"
source = { registry = "https://pypi.org/simple" }
dependencies = [
    { name = "grpcio" },
    { name = "protobuf" },
]
wheels = [
    { url = "https://files.pythonhosted.org/packages/1c/8b/fb30487c6804a79425bb4148481d84201728cf90dceb9886e0ad175dcef1/mavsdk-3.15.3-py3-none-linux_armv6l.whl", hash = "sha256:3b9d35cc2ea7599f78d1a7f73a36d6df44d9df38175ef788b5783bcc0c8dc7c8", size = 16562766, upload-time = "2026-02-11T01:48:55.732Z" },
    { url = "https://files.pythonhosted.org/packages/79/16/31d2693ef1c084861cfeaa3afe85871a9af95f2b481e05d3209902357bc1/mavsdk-3.15.3-py3-none-linux_armv7l.whl", hash = "sha256:e4dc685d456aa47928bebdfebfcb2fa056bf7f5c6cf5a10f34e77e51b5a6b526", size = 16562720, upload-time = "2026-02-11T01:48:58.441Z" },
    { url = "https://files.pythonhosted.org/packages/32/b5/81f857ec826c0b8b805ac7d3f4ec8e1dbd926ff318d1f92738e3594bff1d/mavsdk-3.15.3-py3-none-macosx_13_0_x86_64.whl", hash = "sha256:620aa9afcd115be9d118630246bbab2f60f58f596902d01ddaacc3259a13fc79", size = 12258385, upload-time = "2026-02-11T01:50:19.39Z" },
    { url = "https://files.pythonhosted.org/packages/1e/d1/2074e1dac83c83b1fc65cc4d6e3abcc2101f62059c8640cdb91c08c0c7fd/mavsdk-3.15.3-py3-none-macosx_14_0_arm64.whl", hash = "sha256:d7425842aa240c9a3bbccf7f34af6231c0e034209e54cdc47a790b70f90f705d", size = 11705000, upload-time = "2026-02-11T01:48:59.789Z" },
    { url = "https://files.pythonhosted.org/packages/f7/9c/b889e9403024b6c8fcfb2012fb96433a1f92877de09c3ae14ea06f162b4f/mavsdk-3.15.3-py3-none-manylinux1_x86_64.manylinux2014_x86_64.manylinux_2_17_x86_64.manylinux_2_5_x86_64.whl", hash = "sha256:ce07022a4a292bb15e1e744abe93980d8338256f76852ca5352e51229017c62f", size = 15193048, upload-time = "2026-02-11T01:49:19.052Z" },
    { url = "https://files.pythonhosted.org/packages/90/43/8aa26d7439a8b93a325f79de6a9795d3e9e48d138405ec5748a726cd6a08/mavsdk-3.15.3-py3-none-manylinux2014_aarch64.whl", hash = "sha256:18f0db1d017b237564bf25a31933e8ce29d35b5014e8667f05399a2ac4c415b4", size = 18218003, upload-time = "2026-02-11T01:48:59.371Z" },
    { url = "https://files.pythonhosted.org/packages/2a/d8/266335200bb22021da58eeece232ed9323bf3d514dcfc75cde0b8507ba65/mavsdk-3.15.3-py3-none-win32.whl", hash = "sha256:b08a500236fa814c1f43a86fe3281085918c16c36c3c398ac954631ce0dcbb42", size = 10757785, upload-time = "2026-02-11T01:49:49.987Z" },
    { url = "https://files.pythonhosted.org/packages/f4/b8/b9220987869d626fe6fe6947ad5a107e18612c69e79f2b7fe1d9a40e629c/mavsdk-3.15.3-py3-none-win_amd64.whl", hash = "sha256:5bfa8fb656b273f90f3d4c4e1ee65c205f3e1af83d8a4d8c7d5cf1f387c3931b", size = 10757785, upload-time = "2026-02-11T01:49:31.69Z" },
    { url = "https://files.pythonhosted.org/packages/b3/70/4c0d767506aa2bfe21587ba20416b859e23d4230bc469b85e136f0c75c12/mavsdk-3.15.3-py3-none-win_arm64.whl", hash = "sha256:dce986f9672f759fbe8f07c10568fa4111982a4a3da2502331aa79762f164115", size = 10757785, upload-time = "2026-02-11T01:49:56.351Z" },
]

[[package]]
name = "protobuf"
version = "7.34.0"
source = { registry = "https://pypi.org/simple" }
sdist = { url = "https://files.pythonhosted.org/packages/f2/00/04a2ab36b70a52d0356852979e08b44edde0435f2115dc66e25f2100f3ab/protobuf-7.34.0.tar.gz", hash = "sha256:3871a3df67c710aaf7bb8d214cc997342e63ceebd940c8c7fc65c9b3d697591a", size = 454726, upload-time = "2026-02-27T00:30:25.421Z" }
wheels = [
    { url = "https://files.pythonhosted.org/packages/13/c4/6322ab5c8f279c4c358bc14eb8aefc0550b97222a39f04eb3c1af7a830fa/protobuf-7.34.0-cp310-abi3-macosx_10_9_universal2.whl", hash = "sha256:8e329966799f2c271d5e05e236459fe1cbfdb8755aaa3b0914fa60947ddea408", size = 429248, upload-time = "2026-02-27T00:30:14.924Z" },
    { url = "https://files.pythonhosted.org/packages/45/99/b029bbbc61e8937545da5b79aa405ab2d9cf307a728f8c9459ad60d7a481/protobuf-7.34.0-cp310-abi3-manylinux2014_aarch64.whl", hash = "sha256:9d7a5005fb96f3c1e64f397f91500b0eb371b28da81296ae73a6b08a5b76cdd6", size = 325753, upload-time = "2026-02-27T00:30:17.247Z" },
    { url = "https://files.pythonhosted.org/packages/cc/79/09f02671eb75b251c5550a1c48e7b3d4b0623efd7c95a15a50f6f9fc1e2e/protobuf-7.34.0-cp310-abi3-manylinux2014_s390x.whl", hash = "sha256:4a72a8ec94e7a9f7ef7fe818ed26d073305f347f8b3b5ba31e22f81fd85fca02", size = 340200, upload-time = "2026-02-27T00:30:18.672Z" },
    { url = "https://files.pythonhosted.org/packages/b5/57/89727baef7578897af5ed166735ceb315819f1c184da8c3441271dbcfde7/protobuf-7.34.0-cp310-abi3-manylinux2014_x86_64.whl", hash = "sha256:964cf977e07f479c0697964e83deda72bcbc75c3badab506fb061b352d991b01", size = 324268, upload-time = "2026-02-27T00:30:20.088Z" },
    { url = "https://files.pythonhosted.org/packages/1f/3e/38ff2ddee5cc946f575c9d8cc822e34bde205cf61acf8099ad88ef19d7d2/protobuf-7.34.0-cp310-abi3-win32.whl", hash = "sha256:f791ec509707a1d91bd02e07df157e75e4fb9fbdad12a81b7396201ec244e2e3", size = 426628, upload-time = "2026-02-27T00:30:21.555Z" },
    { url = "https://files.pythonhosted.org/packages/cb/71/7c32eaf34a61a1bae1b62a2ac4ffe09b8d1bb0cf93ad505f42040023db89/protobuf-7.34.0-cp310-abi3-win_amd64.whl", hash = "sha256:9f9079f1dde4e32342ecbd1c118d76367090d4aaa19da78230c38101c5b3dd40", size = 437901, upload-time = "2026-02-27T00:30:22.836Z" },
    { url = "https://files.pythonhosted.org/packages/a4/e7/14dc9366696dcb53a413449881743426ed289d687bcf3d5aee4726c32ebb/protobuf-7.34.0-py3-none-any.whl", hash = "sha256:e3b914dd77fa33fa06ab2baa97937746ab25695f389869afdf03e81f34e45dc7", size = 170716, upload-time = "2026-02-27T00:30:23.994Z" },
]

[[package]]
name = "typing-extensions"
version = "4.15.0"
source = { registry = "https://pypi.org/simple" }
sdist = { url = "https://files.pythonhosted.org/packages/72/94/1a15dd82efb362ac84269196e94cf00f187f7ed21c242792a923cdb1c61f/typing_extensions-4.15.0.tar.gz", hash = "sha256:0cea48d173cc12fa28ecabc3b837ea3cf6f38c6d1136f85cbaaf598984861466", size = 109391, upload-time = "2025-08-25T13:49:26.313Z" }
wheels = [
    { url = "https://files.pythonhosted.org/packages/18/67/36e9267722cc04a6b9f15c7f3441c2363321a3ea07da7ae0c0707beb2a9c/typing_extensions-4.15.0-py3-none-any.whl", hash = "sha256:f0fa19c6845758ab08074a0cfa8b7aecb71c999ca73d62883bc25cc018c4e548", size = 44614, upload-time = "2025-08-25T13:49:24.86Z" },
]
